// !$*UTF8*$!
{
	archiveVersion = 1;
	classes = {
	};
	objectVersion = 46;
	objects = {

/* Begin PBXBuildFile section */
		3DA83D3C1B0196A300C181DE /* main.m in Sources */ = {isa = PBXBuildFile; fileRef = 3DA83D3B1B0196A300C181DE /* main.m */; };
		3DA83D3F1B0196A300C181DE /* AppDelegate.m in Sources */ = {isa = PBXBuildFile; fileRef = 3DA83D3E1B0196A300C181DE /* AppDelegate.m */; };
		3DA83D471B0196A300C181DE /* Images.xcassets in Resources */ = {isa = PBXBuildFile; fileRef = 3DA83D461B0196A300C181DE /* Images.xcassets */; };
		3DA83D4A1B0196A300C181DE /* LaunchScreen.xib in Resources */ = {isa = PBXBuildFile; fileRef = 3DA83D481B0196A300C181DE /* LaunchScreen.xib */; };
		3DA83D561B0196A400C181DE /* BlocstagramTests.m in Sources */ = {isa = PBXBuildFile; fileRef = 3DA83D551B0196A400C181DE /* BlocstagramTests.m */; };
		3DA83D6D1B0199F100C181DE /* 1.jpg in Resources */ = {isa = PBXBuildFile; fileRef = 3DA83D631B0199F100C181DE /* 1.jpg */; };
		3DA83D6E1B0199F100C181DE /* 2.JPG in Resources */ = {isa = PBXBuildFile; fileRef = 3DA83D641B0199F100C181DE /* 2.JPG */; };
		3DA83D6F1B0199F100C181DE /* 3.jpg in Resources */ = {isa = PBXBuildFile; fileRef = 3DA83D651B0199F100C181DE /* 3.jpg */; };
		3DA83D701B0199F100C181DE /* 4.JPG in Resources */ = {isa = PBXBuildFile; fileRef = 3DA83D661B0199F100C181DE /* 4.JPG */; };
		3DA83D711B0199F100C181DE /* 5.jpg in Resources */ = {isa = PBXBuildFile; fileRef = 3DA83D671B0199F100C181DE /* 5.jpg */; };
		3DA83D721B0199F100C181DE /* 6.jpg in Resources */ = {isa = PBXBuildFile; fileRef = 3DA83D681B0199F100C181DE /* 6.jpg */; };
		3DA83D731B0199F100C181DE /* 7.jpg in Resources */ = {isa = PBXBuildFile; fileRef = 3DA83D691B0199F100C181DE /* 7.jpg */; };
		3DA83D741B0199F100C181DE /* 8.jpg in Resources */ = {isa = PBXBuildFile; fileRef = 3DA83D6A1B0199F100C181DE /* 8.jpg */; };
		3DA83D751B0199F100C181DE /* 9.JPG in Resources */ = {isa = PBXBuildFile; fileRef = 3DA83D6B1B0199F100C181DE /* 9.JPG */; };
		3DA83D761B0199F100C181DE /* 10.JPG in Resources */ = {isa = PBXBuildFile; fileRef = 3DA83D6C1B0199F100C181DE /* 10.JPG */; };
		3DA83D791B019A5500C181DE /* ImagesTableTableViewController.m in Sources */ = {isa = PBXBuildFile; fileRef = 3DA83D781B019A5500C181DE /* ImagesTableTableViewController.m */; };
		3DA83D7C1B01AFC600C181DE /* User.m in Sources */ = {isa = PBXBuildFile; fileRef = 3DA83D7B1B01AFC600C181DE /* User.m */; };
		3DA83D7F1B01B2AE00C181DE /* Media.m in Sources */ = {isa = PBXBuildFile; fileRef = 3DA83D7E1B01B2AE00C181DE /* Media.m */; };
		3DA83D821B01B36B00C181DE /* Comment.m in Sources */ = {isa = PBXBuildFile; fileRef = 3DA83D811B01B36B00C181DE /* Comment.m */; };
		3DA83D851B01B3E500C181DE /* DataSource.m in Sources */ = {isa = PBXBuildFile; fileRef = 3DA83D841B01B3E500C181DE /* DataSource.m */; };
		3DFEA7391B0A8EEC007A591D /* MediaTableViewCell.m in Sources */ = {isa = PBXBuildFile; fileRef = 3DFEA7381B0A8EEC007A591D /* MediaTableViewCell.m */; };
		3DFEA73C1B0ADC07007A591D /* LoginViewController.m in Sources */ = {isa = PBXBuildFile; fileRef = 3DFEA73B1B0ADC07007A591D /* LoginViewController.m */; };
/* End PBXBuildFile section */

/* Begin PBXContainerItemProxy section */
		3DA83D501B0196A400C181DE /* PBXContainerItemProxy */ = {
			isa = PBXContainerItemProxy;
			containerPortal = 3DA83D2E1B0196A300C181DE /* Project object */;
			proxyType = 1;
			remoteGlobalIDString = 3DA83D351B0196A300C181DE;
			remoteInfo = Blocstagram;
		};
/* End PBXContainerItemProxy section */

/* Begin PBXFileReference section */
		3DA83D361B0196A300C181DE /* Blocstagram.app */ = {isa = PBXFileReference; explicitFileType = wrapper.application; includeInIndex = 0; path = Blocstagram.app; sourceTree = BUILT_PRODUCTS_DIR; };
		3DA83D3A1B0196A300C181DE /* Info.plist */ = {isa = PBXFileReference; lastKnownFileType = text.plist.xml; path = Info.plist; sourceTree = "<group>"; };
		3DA83D3B1B0196A300C181DE /* main.m */ = {isa = PBXFileReference; lastKnownFileType = sourcecode.c.objc; path = main.m; sourceTree = "<group>"; };
		3DA83D3D1B0196A300C181DE /* AppDelegate.h */ = {isa = PBXFileReference; lastKnownFileType = sourcecode.c.h; path = AppDelegate.h; sourceTree = "<group>"; };
		3DA83D3E1B0196A300C181DE /* AppDelegate.m */ = {isa = PBXFileReference; lastKnownFileType = sourcecode.c.objc; path = AppDelegate.m; sourceTree = "<group>"; };
		3DA83D461B0196A300C181DE /* Images.xcassets */ = {isa = PBXFileReference; lastKnownFileType = folder.assetcatalog; path = Images.xcassets; sourceTree = "<group>"; };
		3DA83D491B0196A300C181DE /* Base */ = {isa = PBXFileReference; lastKnownFileType = file.xib; name = Base; path = Base.lproj/LaunchScreen.xib; sourceTree = "<group>"; };
		3DA83D4F1B0196A400C181DE /* BlocstagramTests.xctest */ = {isa = PBXFileReference; explicitFileType = wrapper.cfbundle; includeInIndex = 0; path = BlocstagramTests.xctest; sourceTree = BUILT_PRODUCTS_DIR; };
		3DA83D541B0196A400C181DE /* Info.plist */ = {isa = PBXFileReference; lastKnownFileType = text.plist.xml; path = Info.plist; sourceTree = "<group>"; };
		3DA83D551B0196A400C181DE /* BlocstagramTests.m */ = {isa = PBXFileReference; lastKnownFileType = sourcecode.c.objc; path = BlocstagramTests.m; sourceTree = "<group>"; };
		3DA83D631B0199F100C181DE /* 1.jpg */ = {isa = PBXFileReference; lastKnownFileType = image.jpeg; path = 1.jpg; sourceTree = "<group>"; };
		3DA83D641B0199F100C181DE /* 2.JPG */ = {isa = PBXFileReference; lastKnownFileType = image.jpeg; path = 2.JPG; sourceTree = "<group>"; };
		3DA83D651B0199F100C181DE /* 3.jpg */ = {isa = PBXFileReference; lastKnownFileType = image.jpeg; path = 3.jpg; sourceTree = "<group>"; };
		3DA83D661B0199F100C181DE /* 4.JPG */ = {isa = PBXFileReference; lastKnownFileType = image.jpeg; path = 4.JPG; sourceTree = "<group>"; };
		3DA83D671B0199F100C181DE /* 5.jpg */ = {isa = PBXFileReference; lastKnownFileType = image.jpeg; path = 5.jpg; sourceTree = "<group>"; };
		3DA83D681B0199F100C181DE /* 6.jpg */ = {isa = PBXFileReference; lastKnownFileType = image.jpeg; path = 6.jpg; sourceTree = "<group>"; };
		3DA83D691B0199F100C181DE /* 7.jpg */ = {isa = PBXFileReference; lastKnownFileType = image.jpeg; path = 7.jpg; sourceTree = "<group>"; };
		3DA83D6A1B0199F100C181DE /* 8.jpg */ = {isa = PBXFileReference; lastKnownFileType = image.jpeg; path = 8.jpg; sourceTree = "<group>"; };
		3DA83D6B1B0199F100C181DE /* 9.JPG */ = {isa = PBXFileReference; lastKnownFileType = image.jpeg; path = 9.JPG; sourceTree = "<group>"; };
		3DA83D6C1B0199F100C181DE /* 10.JPG */ = {isa = PBXFileReference; lastKnownFileType = image.jpeg; path = 10.JPG; sourceTree = "<group>"; };
		3DA83D771B019A5500C181DE /* ImagesTableTableViewController.h */ = {isa = PBXFileReference; fileEncoding = 4; lastKnownFileType = sourcecode.c.h; path = ImagesTableTableViewController.h; sourceTree = "<group>"; };
		3DA83D781B019A5500C181DE /* ImagesTableTableViewController.m */ = {isa = PBXFileReference; fileEncoding = 4; lastKnownFileType = sourcecode.c.objc; path = ImagesTableTableViewController.m; sourceTree = "<group>"; };
		3DA83D7A1B01AFC600C181DE /* User.h */ = {isa = PBXFileReference; fileEncoding = 4; lastKnownFileType = sourcecode.c.h; path = User.h; sourceTree = "<group>"; };
		3DA83D7B1B01AFC600C181DE /* User.m */ = {isa = PBXFileReference; fileEncoding = 4; lastKnownFileType = sourcecode.c.objc; path = User.m; sourceTree = "<group>"; };
		3DA83D7D1B01B2AE00C181DE /* Media.h */ = {isa = PBXFileReference; fileEncoding = 4; lastKnownFileType = sourcecode.c.h; path = Media.h; sourceTree = "<group>"; };
		3DA83D7E1B01B2AE00C181DE /* Media.m */ = {isa = PBXFileReference; fileEncoding = 4; lastKnownFileType = sourcecode.c.objc; path = Media.m; sourceTree = "<group>"; };
		3DA83D801B01B36B00C181DE /* Comment.h */ = {isa = PBXFileReference; fileEncoding = 4; lastKnownFileType = sourcecode.c.h; path = Comment.h; sourceTree = "<group>"; };
		3DA83D811B01B36B00C181DE /* Comment.m */ = {isa = PBXFileReference; fileEncoding = 4; lastKnownFileType = sourcecode.c.objc; path = Comment.m; sourceTree = "<group>"; };
		3DA83D831B01B3E500C181DE /* DataSource.h */ = {isa = PBXFileReference; fileEncoding = 4; lastKnownFileType = sourcecode.c.h; path = DataSource.h; sourceTree = "<group>"; };
		3DA83D841B01B3E500C181DE /* DataSource.m */ = {isa = PBXFileReference; fileEncoding = 4; lastKnownFileType = sourcecode.c.objc; path = DataSource.m; sourceTree = "<group>"; };
		3DFEA7371B0A8EEC007A591D /* MediaTableViewCell.h */ = {isa = PBXFileReference; fileEncoding = 4; lastKnownFileType = sourcecode.c.h; path = MediaTableViewCell.h; sourceTree = "<group>"; };
		3DFEA7381B0A8EEC007A591D /* MediaTableViewCell.m */ = {isa = PBXFileReference; fileEncoding = 4; lastKnownFileType = sourcecode.c.objc; path = MediaTableViewCell.m; sourceTree = "<group>"; };
		3DFEA73A1B0ADC07007A591D /* LoginViewController.h */ = {isa = PBXFileReference; fileEncoding = 4; lastKnownFileType = sourcecode.c.h; path = LoginViewController.h; sourceTree = "<group>"; };
		3DFEA73B1B0ADC07007A591D /* LoginViewController.m */ = {isa = PBXFileReference; fileEncoding = 4; lastKnownFileType = sourcecode.c.objc; path = LoginViewController.m; sourceTree = "<group>"; };
/* End PBXFileReference section */

/* Begin PBXFrameworksBuildPhase section */
		3DA83D331B0196A300C181DE /* Frameworks */ = {
			isa = PBXFrameworksBuildPhase;
			buildActionMask = 2147483647;
			files = (
			);
			runOnlyForDeploymentPostprocessing = 0;
		};
		3DA83D4C1B0196A400C181DE /* Frameworks */ = {
			isa = PBXFrameworksBuildPhase;
			buildActionMask = 2147483647;
			files = (
			);
			runOnlyForDeploymentPostprocessing = 0;
		};
/* End PBXFrameworksBuildPhase section */

/* Begin PBXGroup section */
		3DA83D2D1B0196A300C181DE = {
			isa = PBXGroup;
			children = (
				3DA83D381B0196A300C181DE /* Blocstagram */,
				3DA83D521B0196A400C181DE /* BlocstagramTests */,
				3DA83D371B0196A300C181DE /* Products */,
			);
			sourceTree = "<group>";
		};
		3DA83D371B0196A300C181DE /* Products */ = {
			isa = PBXGroup;
			children = (
				3DA83D361B0196A300C181DE /* Blocstagram.app */,
				3DA83D4F1B0196A400C181DE /* BlocstagramTests.xctest */,
			);
			name = Products;
			sourceTree = "<group>";
		};
		3DA83D381B0196A300C181DE /* Blocstagram */ = {
			isa = PBXGroup;
			children = (
				3DFEA7371B0A8EEC007A591D /* MediaTableViewCell.h */,
				3DFEA7381B0A8EEC007A591D /* MediaTableViewCell.m */,
				3DA83D3D1B0196A300C181DE /* AppDelegate.h */,
				3DA83D3E1B0196A300C181DE /* AppDelegate.m */,
				3DA83D771B019A5500C181DE /* ImagesTableTableViewController.h */,
				3DA83D781B019A5500C181DE /* ImagesTableTableViewController.m */,
				3DFEA73A1B0ADC07007A591D /* LoginViewController.h */,
				3DFEA73B1B0ADC07007A591D /* LoginViewController.m */,
				3DA83D7D1B01B2AE00C181DE /* Media.h */,
				3DA83D7E1B01B2AE00C181DE /* Media.m */,
				3DA83D7A1B01AFC600C181DE /* User.h */,
				3DA83D7B1B01AFC600C181DE /* User.m */,
				3DA83D801B01B36B00C181DE /* Comment.h */,
				3DA83D811B01B36B00C181DE /* Comment.m */,
				3DA83D831B01B3E500C181DE /* DataSource.h */,
				3DA83D841B01B3E500C181DE /* DataSource.m */,
				3DA83D461B0196A300C181DE /* Images.xcassets */,
				3DA83D621B0199D200C181DE /* Images */,
				3DA83D481B0196A300C181DE /* LaunchScreen.xib */,
				3DA83D391B0196A300C181DE /* Supporting Files */,
			);
			path = Blocstagram;
			sourceTree = "<group>";
		};
		3DA83D391B0196A300C181DE /* Supporting Files */ = {
			isa = PBXGroup;
			children = (
				3DA83D3A1B0196A300C181DE /* Info.plist */,
				3DA83D3B1B0196A300C181DE /* main.m */,
			);
			name = "Supporting Files";
			sourceTree = "<group>";
		};
		3DA83D521B0196A400C181DE /* BlocstagramTests */ = {
			isa = PBXGroup;
			children = (
				3DA83D551B0196A400C181DE /* BlocstagramTests.m */,
				3DA83D531B0196A400C181DE /* Supporting Files */,
			);
			path = BlocstagramTests;
			sourceTree = "<group>";
		};
		3DA83D531B0196A400C181DE /* Supporting Files */ = {
			isa = PBXGroup;
			children = (
				3DA83D541B0196A400C181DE /* Info.plist */,
			);
			name = "Supporting Files";
			sourceTree = "<group>";
		};
		3DA83D621B0199D200C181DE /* Images */ = {
			isa = PBXGroup;
			children = (
				3DA83D631B0199F100C181DE /* 1.jpg */,
				3DA83D641B0199F100C181DE /* 2.JPG */,
				3DA83D651B0199F100C181DE /* 3.jpg */,
				3DA83D661B0199F100C181DE /* 4.JPG */,
				3DA83D671B0199F100C181DE /* 5.jpg */,
				3DA83D681B0199F100C181DE /* 6.jpg */,
				3DA83D691B0199F100C181DE /* 7.jpg */,
				3DA83D6A1B0199F100C181DE /* 8.jpg */,
				3DA83D6B1B0199F100C181DE /* 9.JPG */,
				3DA83D6C1B0199F100C181DE /* 10.JPG */,
			);
			name = Images;
			sourceTree = "<group>";
		};
/* End PBXGroup section */

/* Begin PBXNativeTarget section */
		3DA83D351B0196A300C181DE /* Blocstagram */ = {
			isa = PBXNativeTarget;
			buildConfigurationList = 3DA83D591B0196A400C181DE /* Build configuration list for PBXNativeTarget "Blocstagram" */;
			buildPhases = (
				3DA83D321B0196A300C181DE /* Sources */,
				3DA83D331B0196A300C181DE /* Frameworks */,
				3DA83D341B0196A300C181DE /* Resources */,
			);
			buildRules = (
			);
			dependencies = (
			);
			name = Blocstagram;
			productName = Blocstagram;
			productReference = 3DA83D361B0196A300C181DE /* Blocstagram.app */;
			productType = "com.apple.product-type.application";
		};
		3DA83D4E1B0196A400C181DE /* BlocstagramTests */ = {
			isa = PBXNativeTarget;
			buildConfigurationList = 3DA83D5C1B0196A400C181DE /* Build configuration list for PBXNativeTarget "BlocstagramTests" */;
			buildPhases = (
				3DA83D4B1B0196A400C181DE /* Sources */,
				3DA83D4C1B0196A400C181DE /* Frameworks */,
				3DA83D4D1B0196A400C181DE /* Resources */,
			);
			buildRules = (
			);
			dependencies = (
				3DA83D511B0196A400C181DE /* PBXTargetDependency */,
			);
			name = BlocstagramTests;
			productName = BlocstagramTests;
			productReference = 3DA83D4F1B0196A400C181DE /* BlocstagramTests.xctest */;
			productType = "com.apple.product-type.bundle.unit-test";
		};
/* End PBXNativeTarget section */

/* Begin PBXProject section */
		3DA83D2E1B0196A300C181DE /* Project object */ = {
			isa = PBXProject;
			attributes = {
				LastUpgradeCheck = 0620;
				ORGANIZATIONNAME = "Cynthia Whitlatch";
				TargetAttributes = {
					3DA83D351B0196A300C181DE = {
						CreatedOnToolsVersion = 6.2;
					};
					3DA83D4E1B0196A400C181DE = {
						CreatedOnToolsVersion = 6.2;
						TestTargetID = 3DA83D351B0196A300C181DE;
					};
				};
			};
			buildConfigurationList = 3DA83D311B0196A300C181DE /* Build configuration list for PBXProject "Blocstagram" */;
			compatibilityVersion = "Xcode 3.2";
			developmentRegion = English;
			hasScannedForEncodings = 0;
			knownRegions = (
				en,
				Base,
			);
			mainGroup = 3DA83D2D1B0196A300C181DE;
			productRefGroup = 3DA83D371B0196A300C181DE /* Products */;
			projectDirPath = "";
			projectRoot = "";
			targets = (
				3DA83D351B0196A300C181DE /* Blocstagram */,
				3DA83D4E1B0196A400C181DE /* BlocstagramTests */,
			);
		};
/* End PBXProject section */

/* Begin PBXResourcesBuildPhase section */
		3DA83D341B0196A300C181DE /* Resources */ = {
			isa = PBXResourcesBuildPhase;
			buildActionMask = 2147483647;
			files = (
				3DA83D761B0199F100C181DE /* 10.JPG in Resources */,
				3DA83D741B0199F100C181DE /* 8.jpg in Resources */,
				3DA83D721B0199F100C181DE /* 6.jpg in Resources */,
				3DA83D6E1B0199F100C181DE /* 2.JPG in Resources */,
				3DA83D711B0199F100C181DE /* 5.jpg in Resources */,
				3DA83D6D1B0199F100C181DE /* 1.jpg in Resources */,
				3DA83D6F1B0199F100C181DE /* 3.jpg in Resources */,
				3DA83D701B0199F100C181DE /* 4.JPG in Resources */,
				3DA83D731B0199F100C181DE /* 7.jpg in Resources */,
				3DA83D751B0199F100C181DE /* 9.JPG in Resources */,
				3DA83D4A1B0196A300C181DE /* LaunchScreen.xib in Resources */,
				3DA83D471B0196A300C181DE /* Images.xcassets in Resources */,
			);
			runOnlyForDeploymentPostprocessing = 0;
		};
		3DA83D4D1B0196A400C181DE /* Resources */ = {
			isa = PBXResourcesBuildPhase;
			buildActionMask = 2147483647;
			files = (
			);
			runOnlyForDeploymentPostprocessing = 0;
		};
/* End PBXResourcesBuildPhase section */

/* Begin PBXSourcesBuildPhase section */
		3DA83D321B0196A300C181DE /* Sources */ = {
			isa = PBXSourcesBuildPhase;
			buildActionMask = 2147483647;
			files = (
				3DA83D7C1B01AFC600C181DE /* User.m in Sources */,
				3DA83D821B01B36B00C181DE /* Comment.m in Sources */,
				3DFEA7391B0A8EEC007A591D /* MediaTableViewCell.m in Sources */,
				3DA83D7F1B01B2AE00C181DE /* Media.m in Sources */,
				3DA83D791B019A5500C181DE /* ImagesTableTableViewController.m in Sources */,
				3DFEA73C1B0ADC07007A591D /* LoginViewController.m in Sources */,
				3DA83D851B01B3E500C181DE /* DataSource.m in Sources */,
				3DA83D3F1B0196A300C181DE /* AppDelegate.m in Sources */,
				3DA83D3C1B0196A300C181DE /* main.m in Sources */,
			);
			runOnlyForDeploymentPostprocessing = 0;
		};
		3DA83D4B1B0196A400C181DE /* Sources */ = {
			isa = PBXSourcesBuildPhase;
			buildActionMask = 2147483647;
			files = (
				3DA83D561B0196A400C181DE /* BlocstagramTests.m in Sources */,
			);
			runOnlyForDeploymentPostprocessing = 0;
		};
/* End PBXSourcesBuildPhase section */

/* Begin PBXTargetDependency section */
		3DA83D511B0196A400C181DE /* PBXTargetDependency */ = {
			isa = PBXTargetDependency;
			target = 3DA83D351B0196A300C181DE /* Blocstagram */;
			targetProxy = 3DA83D501B0196A400C181DE /* PBXContainerItemProxy */;
		};
/* End PBXTargetDependency section */

/* Begin PBXVariantGroup section */
		3DA83D481B0196A300C181DE /* LaunchScreen.xib */ = {
			isa = PBXVariantGroup;
			children = (
				3DA83D491B0196A300C181DE /* Base */,
			);
			name = LaunchScreen.xib;
			sourceTree = "<group>";
		};
/* End PBXVariantGroup section */

/* Begin XCBuildConfiguration section */
		3DA83D571B0196A400C181DE /* Debug */ = {
			isa = XCBuildConfiguration;
			buildSettings = {
				ALWAYS_SEARCH_USER_PATHS = NO;
				CLANG_CXX_LANGUAGE_STANDARD = "gnu++0x";
				CLANG_CXX_LIBRARY = "libc++";
				CLANG_ENABLE_MODULES = YES;
				CLANG_ENABLE_OBJC_ARC = YES;
				CLANG_WARN_BOOL_CONVERSION = YES;
				CLANG_WARN_CONSTANT_CONVERSION = YES;
				CLANG_WARN_DIRECT_OBJC_ISA_USAGE = YES_ERROR;
				CLANG_WARN_EMPTY_BODY = YES;
				CLANG_WARN_ENUM_CONVERSION = YES;
				CLANG_WARN_INT_CONVERSION = YES;
				CLANG_WARN_OBJC_ROOT_CLASS = YES_ERROR;
				CLANG_WARN_UNREACHABLE_CODE = YES;
				CLANG_WARN__DUPLICATE_METHOD_MATCH = YES;
				"CODE_SIGN_IDENTITY[sdk=iphoneos*]" = "iPhone Developer";
				COPY_PHASE_STRIP = NO;
				ENABLE_STRICT_OBJC_MSGSEND = YES;
				GCC_C_LANGUAGE_STANDARD = gnu99;
				GCC_DYNAMIC_NO_PIC = NO;
				GCC_OPTIMIZATION_LEVEL = 0;
				GCC_PREPROCESSOR_DEFINITIONS = (
					"DEBUG=1",
					"$(inherited)",
				);
				GCC_SYMBOLS_PRIVATE_EXTERN = NO;
				GCC_WARN_64_TO_32_BIT_CONVERSION = YES;
				GCC_WARN_ABOUT_RETURN_TYPE = YES_ERROR;
				GCC_WARN_UNDECLARED_SELECTOR = YES;
				GCC_WARN_UNINITIALIZED_AUTOS = YES_AGGRESSIVE;
				GCC_WARN_UNUSED_FUNCTION = YES;
				GCC_WARN_UNUSED_VARIABLE = YES;
				IPHONEOS_DEPLOYMENT_TARGET = 8.2;
				MTL_ENABLE_DEBUG_INFO = YES;
				ONLY_ACTIVE_ARCH = YES;
				SDKROOT = iphoneos;
				TARGETED_DEVICE_FAMILY = "1,2";
			};
			name = Debug;
		};
		3DA83D581B0196A400C181DE /* Release */ = {
			isa = XCBuildConfiguration;
			buildSettings = {
				ALWAYS_SEARCH_USER_PATHS = NO;
				CLANG_CXX_LANGUAGE_STANDARD = "gnu++0x";
				CLANG_CXX_LIBRARY = "libc++";
				CLANG_ENABLE_MODULES = YES;
				CLANG_ENABLE_OBJC_ARC = YES;
				CLANG_WARN_BOOL_CONVERSION = YES;
				CLANG_WARN_CONSTANT_CONVERSION = YES;
				CLANG_WARN_DIRECT_OBJC_ISA_USAGE = YES_ERROR;
				CLANG_WARN_EMPTY_BODY = YES;
				CLANG_WARN_ENUM_CONVERSION = YES;
				CLANG_WARN_INT_CONVERSION = YES;
				CLANG_WARN_OBJC_ROOT_CLASS = YES_ERROR;
				CLANG_WARN_UNREACHABLE_CODE = YES;
				CLANG_WARN__DUPLICATE_METHOD_MATCH = YES;
				"CODE_SIGN_IDENTITY[sdk=iphoneos*]" = "iPhone Developer";
				COPY_PHASE_STRIP = NO;
				ENABLE_NS_ASSERTIONS = NO;
				ENABLE_STRICT_OBJC_MSGSEND = YES;
				GCC_C_LANGUAGE_STANDARD = gnu99;
				GCC_WARN_64_TO_32_BIT_CONVERSION = YES;
				GCC_WARN_ABOUT_RETURN_TYPE = YES_ERROR;
				GCC_WARN_UNDECLARED_SELECTOR = YES;
				GCC_WARN_UNINITIALIZED_AUTOS = YES_AGGRESSIVE;
				GCC_WARN_UNUSED_FUNCTION = YES;
				GCC_WARN_UNUSED_VARIABLE = YES;
				IPHONEOS_DEPLOYMENT_TARGET = 8.2;
				MTL_ENABLE_DEBUG_INFO = NO;
				SDKROOT = iphoneos;
				TARGETED_DEVICE_FAMILY = "1,2";
				VALIDATE_PRODUCT = YES;
			};
			name = Release;
		};
		3DA83D5A1B0196A400C181DE /* Debug */ = {
			isa = XCBuildConfiguration;
			buildSettings = {
				ASSETCATALOG_COMPILER_APPICON_NAME = AppIcon;
				INFOPLIST_FILE = Blocstagram/Info.plist;
				LD_RUNPATH_SEARCH_PATHS = "$(inherited) @executable_path/Frameworks";
				PRODUCT_NAME = "$(TARGET_NAME)";
			};
			name = Debug;
		};
		3DA83D5B1B0196A400C181DE /* Release */ = {
			isa = XCBuildConfiguration;
			buildSettings = {
				ASSETCATALOG_COMPILER_APPICON_NAME = AppIcon;
				INFOPLIST_FILE = Blocstagram/Info.plist;
				LD_RUNPATH_SEARCH_PATHS = "$(inherited) @executable_path/Frameworks";
				PRODUCT_NAME = "$(TARGET_NAME)";
			};
			name = Release;
		};
		3DA83D5D1B0196A400C181DE /* Debug */ = {
			isa = XCBuildConfiguration;
			buildSettings = {
				BUNDLE_LOADER = "$(TEST_HOST)";
				FRAMEWORK_SEARCH_PATHS = (
					"$(SDKROOT)/Developer/Library/Frameworks",
					"$(inherited)",
				);
				GCC_PREPROCESSOR_DEFINITIONS = (
					"DEBUG=1",
					"$(inherited)",
				);
				INFOPLIST_FILE = BlocstagramTests/Info.plist;
				LD_RUNPATH_SEARCH_PATHS = "$(inherited) @executable_path/Frameworks @loader_path/Frameworks";
				PRODUCT_NAME = "$(TARGET_NAME)";
				TEST_HOST = "$(BUILT_PRODUCTS_DIR)/Blocstagram.app/Blocstagram";
			};
			name = Debug;
		};
		3DA83D5E1B0196A400C181DE /* Release */ = {
			isa = XCBuildConfiguration;
			buildSettings = {
				BUNDLE_LOADER = "$(TEST_HOST)";
				FRAMEWORK_SEARCH_PATHS = (
					"$(SDKROOT)/Developer/Library/Frameworks",
					"$(inherited)",
				);
				INFOPLIST_FILE = BlocstagramTests/Info.plist;
				LD_RUNPATH_SEARCH_PATHS = "$(inherited) @executable_path/Frameworks @loader_path/Frameworks";
				PRODUCT_NAME = "$(TARGET_NAME)";
				TEST_HOST = "$(BUILT_PRODUCTS_DIR)/Blocstagram.app/Blocstagram";
			};
			name = Release;
		};
/* End XCBuildConfiguration section */

/* Begin XCConfigurationList section */
		3DA83D311B0196A300C181DE /* Build configuration list for PBXProject "Blocstagram" */ = {
			isa = XCConfigurationList;
			buildConfigurations = (
				3DA83D571B0196A400C181DE /* Debug */,
				3DA83D581B0196A400C181DE /* Release */,
			);
			defaultConfigurationIsVisible = 0;
			defaultConfigurationName = Release;
		};
		3DA83D591B0196A400C181DE /* Build configuration list for PBXNativeTarget "Blocstagram" */ = {
			isa = XCConfigurationList;
			buildConfigurations = (
				3DA83D5A1B0196A400C181DE /* Debug */,
				3DA83D5B1B0196A400C181DE /* Release */,
			);
			defaultConfigurationIsVisible = 0;
			defaultConfigurationName = Release;
		};
		3DA83D5C1B0196A400C181DE /* Build configuration list for PBXNativeTarget "BlocstagramTests" */ = {
			isa = XCConfigurationList;
			buildConfigurations = (
				3DA83D5D1B0196A400C181DE /* Debug */,
				3DA83D5E1B0196A400C181DE /* Release */,
			);
			defaultConfigurationIsVisible = 0;
			defaultConfigurationName = Release;
		};
/* End XCConfigurationList section */
	};
	rootObject = 3DA83D2E1B0196A300C181DE /* Project object */;
}
